
Microsoft Visual Studio Solution File, Format Version 12.00
# Visual Studio Version 17
VisualStudioVersion = 17.5.33530.505
MinimumVisualStudioVersion = 10.0.40219.1
Project("{9A19103F-16F7-4668-BE54-9A1E7A4F7556}") = "BigDataWarehouse", "BigDataWarehouse\BigDataWarehouse.csproj", "{4CF59C47-96DD-428B-8D40-94FC6612334A}"
EndProject
Project("{FAE04EC0-301F-11D3-BF4B-00C04F79EFBC}") = "DAL", "DAL\DAL.csproj", "{23B051AB-B86B-491D-A3D0-1922C91BDC76}"
EndProject
Global
	GlobalSection(SolutionConfigurationPlatforms) = preSolution
		Debug|Any CPU = Debug|Any CPU
		Release|Any CPU = Release|Any CPU
	EndGlobalSection
	GlobalSection(ProjectConfigurationPlatforms) = postSolution
		{4CF59C47-96DD-428B-8D40-94FC6612334A}.Debug|Any CPU.ActiveCfg = Debug|Any CPU
		{4CF59C47-96DD-428B-8D40-94FC6612334A}.Debug|Any CPU.Build.0 = Debug|Any CPU
		{4CF59C47-96DD-428B-8D40-94FC6612334A}.Release|Any CPU.ActiveCfg = Release|Any CPU
		{4CF59C47-96DD-428B-8D40-94FC6612334A}.Release|Any CPU.Build.0 = Release|Any CPU
		{23B051AB-B86B-491D-A3D0-1922C91BDC76}.Debug|Any CPU.ActiveCfg = Debug|Any CPU
		{23B051AB-B86B-491D-A3D0-1922C91BDC76}.Debug|Any CPU.Build.0 = Debug|Any CPU
		{23B051AB-B86B-491D-A3D0-1922C91BDC76}.Release|Any CPU.ActiveCfg = Release|Any CPU
		{23B051AB-B86B-491D-A3D0-1922C91BDC76}.Release|Any CPU.Build.0 = Release|Any CPU
	EndGlobalSection
	GlobalSection(SolutionProperties) = preSolution
		HideSolutionNode = FALSE
	EndGlobalSection
	GlobalSection(ExtensibilityGlobals) = postSolution
		SolutionGuid = {ABA78CA0-4828-487E-8E87-AC3EBF386AB4}
	EndGlobalSection
EndGlobal
